
Microsoft Visual Studio Solution File, Format Version 12.00
# Visual Studio Version 17
VisualStudioVersion = 17.14.36915.13 d17.14
MinimumVisualStudioVersion = 10.0.40219.1
Project("{FAE04EC0-301F-11D3-BF4B-00C04F79EFBC}") = "Tic-Tac-Toe", "Tic-Tac-Toe.csproj", "{EB63205C-BAC5-4EE5-AA60-1734AE79CB27}"
EndProject
Global
	GlobalSection(SolutionConfigurationPlatforms) = preSolution
		Debug|Any CPU = Debug|Any CPU
		Release|Any CPU = Release|Any CPU
	EndGlobalSection
	GlobalSection(ProjectConfigurationPlatforms) = postSolution
		{EB63205C-BAC5-4EE5-AA60-1734AE79CB27}.Debug|Any CPU.ActiveCfg = Debug|Any CPU
		{EB63205C-BAC5-4EE5-AA60-1734AE79CB27}.Debug|Any CPU.Build.0 = Debug|Any CPU
		{EB63205C-BAC5-4EE5-AA60-1734AE79CB27}.Release|Any CPU.ActiveCfg = Release|Any CPU
		{EB63205C-BAC5-4EE5-AA60-1734AE79CB27}.Release|Any CPU.Build.0 = Release|Any CPU
	EndGlobalSection
	GlobalSection(SolutionProperties) = preSolution
		HideSolutionNode = FALSE
	EndGlobalSection
	GlobalSection(ExtensibilityGlobals) = postSolution
		SolutionGuid = {5FE5F322-AEEF-4995-B580-5962C87D34D7}
	EndGlobalSection
EndGlobal
